
Microsoft Visual Studio Solution File, Format Version 12.00
# Visual Studio Version 17
VisualStudioVersion = 17.9.34714.143
MinimumVisualStudioVersion = 10.0.40219.1
Project("{FAE04EC0-301F-11D3-BF4B-00C04F79EFBC}") = "EV_HACIENDA", "EV_HACIENDA\EV_HACIENDA.csproj", "{84A3C55C-3892-4C96-859E-BDD3E9FE2234}"
EndProject
Global
	GlobalSection(SolutionConfigurationPlatforms) = preSolution
		Debug|Any CPU = Debug|Any CPU
		Release|Any CPU = Release|Any CPU
	EndGlobalSection
	GlobalSection(ProjectConfigurationPlatforms) = postSolution
		{84A3C55C-3892-4C96-859E-BDD3E9FE2234}.Debug|Any CPU.ActiveCfg = Debug|Any CPU
		{84A3C55C-3892-4C96-859E-BDD3E9FE2234}.Debug|Any CPU.Build.0 = Debug|Any CPU
		{84A3C55C-3892-4C96-859E-BDD3E9FE2234}.Release|Any CPU.ActiveCfg = Release|Any CPU
		{84A3C55C-3892-4C96-859E-BDD3E9FE2234}.Release|Any CPU.Build.0 = Release|Any CPU
	EndGlobalSection
	GlobalSection(SolutionProperties) = preSolution
		HideSolutionNode = FALSE
	EndGlobalSection
	GlobalSection(ExtensibilityGlobals) = postSolution
		SolutionGuid = {2AB02321-A3CE-4A39-A143-0F8DEE2781FC}
	EndGlobalSection
EndGlobal
